
Microsoft Visual Studio Solution File, Format Version 12.00
# Visual Studio Version 17
VisualStudioVersion = 17.13.36105.23 d17.13
MinimumVisualStudioVersion = 10.0.40219.1
Project("{2150E333-8FDC-42A3-9474-1A3956D46DE8}") = "src", "src", "{02EA681E-C7D8-13C7-8484-4AC65E1B71E8}"
EndProject
Project("{2150E333-8FDC-42A3-9474-1A3956D46DE8}") = "Booking.Domain", "Booking.Domain", "{8E78038D-96D2-4E3E-AEA8-C0FF92C4777D}"
EndProject
Project("{FAE04EC0-301F-11D3-BF4B-00C04F79EFBC}") = "Booking.Domain", "Booking.Domain\Booking.Domain.csproj", "{786986B6-63E8-4F60-9623-AEB4723DAA8D}"
EndProject
Project("{2150E333-8FDC-42A3-9474-1A3956D46DE8}") = "Booking.Application", "Booking.Application", "{A68E4443-BDE3-4628-AC31-E5A1F1004733}"
EndProject
Project("{FAE04EC0-301F-11D3-BF4B-00C04F79EFBC}") = "Booking.Application", "Booking.Application\Booking.Application.csproj", "{9054E55B-46FF-4159-B7AE-638E1BDB1BD9}"
EndProject
Project("{2150E333-8FDC-42A3-9474-1A3956D46DE8}") = "Booking.Infrastructure", "Booking.Infrastructure", "{75CA74F4-D38F-4456-B4A9-EFCF5221DAB6}"
EndProject
Project("{FAE04EC0-301F-11D3-BF4B-00C04F79EFBC}") = "Booking.Infrastructure", "Booking.Infrastructure\Booking.Infrastructure.csproj", "{B9CCEBF6-994D-4417-86D5-07980931148C}"
EndProject
Project("{2150E333-8FDC-42A3-9474-1A3956D46DE8}") = "Booking.API", "Booking.API", "{A3F9FA20-43E1-411C-98F3-BB421A68B42E}"
EndProject
Project("{FAE04EC0-301F-11D3-BF4B-00C04F79EFBC}") = "Booking.API", "Booking.API\Booking.API.csproj", "{07E21EA8-B157-410A-8112-03827E7B6DF7}"
EndProject
Global
	GlobalSection(SolutionConfigurationPlatforms) = preSolution
		Debug|Any CPU = Debug|Any CPU
		Release|Any CPU = Release|Any CPU
	EndGlobalSection
	GlobalSection(ProjectConfigurationPlatforms) = postSolution
		{786986B6-63E8-4F60-9623-AEB4723DAA8D}.Debug|Any CPU.ActiveCfg = Debug|Any CPU
		{786986B6-63E8-4F60-9623-AEB4723DAA8D}.Debug|Any CPU.Build.0 = Debug|Any CPU
		{786986B6-63E8-4F60-9623-AEB4723DAA8D}.Release|Any CPU.ActiveCfg = Release|Any CPU
		{786986B6-63E8-4F60-9623-AEB4723DAA8D}.Release|Any CPU.Build.0 = Release|Any CPU
		{9054E55B-46FF-4159-B7AE-638E1BDB1BD9}.Debug|Any CPU.ActiveCfg = Debug|Any CPU
		{9054E55B-46FF-4159-B7AE-638E1BDB1BD9}.Debug|Any CPU.Build.0 = Debug|Any CPU
		{9054E55B-46FF-4159-B7AE-638E1BDB1BD9}.Release|Any CPU.ActiveCfg = Release|Any CPU
		{9054E55B-46FF-4159-B7AE-638E1BDB1BD9}.Release|Any CPU.Build.0 = Release|Any CPU
		{B9CCEBF6-994D-4417-86D5-07980931148C}.Debug|Any CPU.ActiveCfg = Debug|Any CPU
		{B9CCEBF6-994D-4417-86D5-07980931148C}.Debug|Any CPU.Build.0 = Debug|Any CPU
		{B9CCEBF6-994D-4417-86D5-07980931148C}.Release|Any CPU.ActiveCfg = Release|Any CPU
		{B9CCEBF6-994D-4417-86D5-07980931148C}.Release|Any CPU.Build.0 = Release|Any CPU
		{07E21EA8-B157-410A-8112-03827E7B6DF7}.Debug|Any CPU.ActiveCfg = Debug|Any CPU
		{07E21EA8-B157-410A-8112-03827E7B6DF7}.Debug|Any CPU.Build.0 = Debug|Any CPU
		{07E21EA8-B157-410A-8112-03827E7B6DF7}.Release|Any CPU.ActiveCfg = Release|Any CPU
		{07E21EA8-B157-410A-8112-03827E7B6DF7}.Release|Any CPU.Build.0 = Release|Any CPU
	EndGlobalSection
	GlobalSection(SolutionProperties) = preSolution
		HideSolutionNode = FALSE
	EndGlobalSection
	GlobalSection(NestedProjects) = preSolution
		{8E78038D-96D2-4E3E-AEA8-C0FF92C4777D} = {02EA681E-C7D8-13C7-8484-4AC65E1B71E8}
		{786986B6-63E8-4F60-9623-AEB4723DAA8D} = {8E78038D-96D2-4E3E-AEA8-C0FF92C4777D}
		{A68E4443-BDE3-4628-AC31-E5A1F1004733} = {02EA681E-C7D8-13C7-8484-4AC65E1B71E8}
		{9054E55B-46FF-4159-B7AE-638E1BDB1BD9} = {A68E4443-BDE3-4628-AC31-E5A1F1004733}
		{75CA74F4-D38F-4456-B4A9-EFCF5221DAB6} = {02EA681E-C7D8-13C7-8484-4AC65E1B71E8}
		{B9CCEBF6-994D-4417-86D5-07980931148C} = {75CA74F4-D38F-4456-B4A9-EFCF5221DAB6}
		{A3F9FA20-43E1-411C-98F3-BB421A68B42E} = {02EA681E-C7D8-13C7-8484-4AC65E1B71E8}
		{07E21EA8-B157-410A-8112-03827E7B6DF7} = {A3F9FA20-43E1-411C-98F3-BB421A68B42E}
	EndGlobalSection
	GlobalSection(ExtensibilityGlobals) = postSolution
		SolutionGuid = {ED935903-25C4-4EA1-B8B3-444B49FC0A49}
	EndGlobalSection
EndGlobal
